
Microsoft Visual Studio Solution File, Format Version 12.00
# Visual Studio Version 16
VisualStudioVersion = 16.0.31313.79
MinimumVisualStudioVersion = 10.0.40219.1
Project("{FAE04EC0-301F-11D3-BF4B-00C04F79EFBC}") = "Tic Tac Toe", "Tic Tac Toe\Tic Tac Toe.csproj", "{53D40E1C-F332-4AB8-A8AA-7E1F5C509EDE}"
EndProject
Global
	GlobalSection(SolutionConfigurationPlatforms) = preSolution
		Debug|Any CPU = Debug|Any CPU
		Release|Any CPU = Release|Any CPU
	EndGlobalSection
	GlobalSection(ProjectConfigurationPlatforms) = postSolution
		{53D40E1C-F332-4AB8-A8AA-7E1F5C509EDE}.Debug|Any CPU.ActiveCfg = Debug|Any CPU
		{53D40E1C-F332-4AB8-A8AA-7E1F5C509EDE}.Debug|Any CPU.Build.0 = Debug|Any CPU
		{53D40E1C-F332-4AB8-A8AA-7E1F5C509EDE}.Release|Any CPU.ActiveCfg = Release|Any CPU
		{53D40E1C-F332-4AB8-A8AA-7E1F5C509EDE}.Release|Any CPU.Build.0 = Release|Any CPU
	EndGlobalSection
	GlobalSection(SolutionProperties) = preSolution
		HideSolutionNode = FALSE
	EndGlobalSection
	GlobalSection(ExtensibilityGlobals) = postSolution
		SolutionGuid = {C9E03762-BC83-49FE-BC15-75605880921B}
	EndGlobalSection
EndGlobal
