
Microsoft Visual Studio Solution File, Format Version 12.00
# Visual Studio Version 16
VisualStudioVersion = 16.0.31313.79
MinimumVisualStudioVersion = 10.0.40219.1
Project("{FAE04EC0-301F-11D3-BF4B-00C04F79EFBC}") = "TicTacToe", "TicTacToe\TicTacToe.csproj", "{2D9DCDB0-3FF8-4325-8E11-171FC4169841}"
EndProject
Global
	GlobalSection(SolutionConfigurationPlatforms) = preSolution
		Debug|Any CPU = Debug|Any CPU
		Release|Any CPU = Release|Any CPU
	EndGlobalSection
	GlobalSection(ProjectConfigurationPlatforms) = postSolution
		{2D9DCDB0-3FF8-4325-8E11-171FC4169841}.Debug|Any CPU.ActiveCfg = Debug|Any CPU
		{2D9DCDB0-3FF8-4325-8E11-171FC4169841}.Debug|Any CPU.Build.0 = Debug|Any CPU
		{2D9DCDB0-3FF8-4325-8E11-171FC4169841}.Release|Any CPU.ActiveCfg = Release|Any CPU
		{2D9DCDB0-3FF8-4325-8E11-171FC4169841}.Release|Any CPU.Build.0 = Release|Any CPU
	EndGlobalSection
	GlobalSection(SolutionProperties) = preSolution
		HideSolutionNode = FALSE
	EndGlobalSection
	GlobalSection(ExtensibilityGlobals) = postSolution
		SolutionGuid = {65BE37D5-BD6D-4600-B10B-483A0C81377B}
	EndGlobalSection
EndGlobal
